
Microsoft Visual Studio Solution File, Format Version 12.00
# Visual Studio Version 17
VisualStudioVersion = 17.3.32901.215
MinimumVisualStudioVersion = 10.0.40219.1
Project("{FAE04EC0-301F-11D3-BF4B-00C04F79EFBC}") = "StudentGradeApplication", "StudentGradeApplication\StudentGradeApplication.csproj", "{70E514C7-40DF-4108-90EE-624BBBE605F0}"
EndProject
Global
	GlobalSection(SolutionConfigurationPlatforms) = preSolution
		Debug|Any CPU = Debug|Any CPU
		Release|Any CPU = Release|Any CPU
	EndGlobalSection
	GlobalSection(ProjectConfigurationPlatforms) = postSolution
		{70E514C7-40DF-4108-90EE-624BBBE605F0}.Debug|Any CPU.ActiveCfg = Debug|Any CPU
		{70E514C7-40DF-4108-90EE-624BBBE605F0}.Debug|Any CPU.Build.0 = Debug|Any CPU
		{70E514C7-40DF-4108-90EE-624BBBE605F0}.Release|Any CPU.ActiveCfg = Release|Any CPU
		{70E514C7-40DF-4108-90EE-624BBBE605F0}.Release|Any CPU.Build.0 = Release|Any CPU
	EndGlobalSection
	GlobalSection(SolutionProperties) = preSolution
		HideSolutionNode = FALSE
	EndGlobalSection
	GlobalSection(ExtensibilityGlobals) = postSolution
		SolutionGuid = {D9700E39-451C-4A95-9607-DC9F339E3276}
	EndGlobalSection
EndGlobal
